
Microsoft Visual Studio Solution File, Format Version 12.00
# Visual Studio Version 17
VisualStudioVersion = 17.12.35707.178
MinimumVisualStudioVersion = 10.0.40219.1
Project("{FAE04EC0-301F-11D3-BF4B-00C04F79EFBC}") = "ITHelpDeskV_3", "ITHelpDeskV_3\ITHelpDeskV_3.csproj", "{4496D4CF-2E8D-4899-84FF-1104EDE13FA3}"
EndProject
Global
	GlobalSection(SolutionConfigurationPlatforms) = preSolution
		Debug|Any CPU = Debug|Any CPU
		Release|Any CPU = Release|Any CPU
	EndGlobalSection
	GlobalSection(ProjectConfigurationPlatforms) = postSolution
		{4496D4CF-2E8D-4899-84FF-1104EDE13FA3}.Debug|Any CPU.ActiveCfg = Debug|Any CPU
		{4496D4CF-2E8D-4899-84FF-1104EDE13FA3}.Debug|Any CPU.Build.0 = Debug|Any CPU
		{4496D4CF-2E8D-4899-84FF-1104EDE13FA3}.Release|Any CPU.ActiveCfg = Release|Any CPU
		{4496D4CF-2E8D-4899-84FF-1104EDE13FA3}.Release|Any CPU.Build.0 = Release|Any CPU
	EndGlobalSection
	GlobalSection(SolutionProperties) = preSolution
		HideSolutionNode = FALSE
	EndGlobalSection
EndGlobal
